
Microsoft Visual Studio Solution File, Format Version 12.00
# Visual Studio Version 17
VisualStudioVersion = 17.11.35222.181
MinimumVisualStudioVersion = 10.0.40219.1
Project("{FAE04EC0-301F-11D3-BF4B-00C04F79EFBC}") = "MasterMetrology", "MasterMetrology\MasterMetrology.csproj", "{7BAD19E4-EDA4-4EDE-9E25-D4FD975E2AAF}"
EndProject
Global
	GlobalSection(SolutionConfigurationPlatforms) = preSolution
		Debug|Any CPU = Debug|Any CPU
		Release|Any CPU = Release|Any CPU
	EndGlobalSection
	GlobalSection(ProjectConfigurationPlatforms) = postSolution
		{7BAD19E4-EDA4-4EDE-9E25-D4FD975E2AAF}.Debug|Any CPU.ActiveCfg = Debug|Any CPU
		{7BAD19E4-EDA4-4EDE-9E25-D4FD975E2AAF}.Debug|Any CPU.Build.0 = Debug|Any CPU
		{7BAD19E4-EDA4-4EDE-9E25-D4FD975E2AAF}.Release|Any CPU.ActiveCfg = Release|Any CPU
		{7BAD19E4-EDA4-4EDE-9E25-D4FD975E2AAF}.Release|Any CPU.Build.0 = Release|Any CPU
	EndGlobalSection
	GlobalSection(SolutionProperties) = preSolution
		HideSolutionNode = FALSE
	EndGlobalSection
	GlobalSection(ExtensibilityGlobals) = postSolution
		SolutionGuid = {0289B23A-A439-4244-B9B9-50011FD21272}
	EndGlobalSection
EndGlobal
